
Microsoft Visual Studio Solution File, Format Version 12.00
# Visual Studio Version 16
Project("{8BC9CEB8-8B4A-11D0-8D11-00A0C91BC942}") = "ALL_BUILD", "ALL_BUILD.vcxproj", "{B50A0E30-3B74-3D40-88B0-8229DEBF99CB}"
	ProjectSection(ProjectDependencies) = postProject
		{CAC71A2E-F3B2-36E3-8AC4-907F86269A6D} = {CAC71A2E-F3B2-36E3-8AC4-907F86269A6D}
		{A6811CB7-39DF-3A44-BF10-837D9AA3C686} = {A6811CB7-39DF-3A44-BF10-837D9AA3C686}
		{A017E472-4E1F-3352-8345-73C5DE6EAEF8} = {A017E472-4E1F-3352-8345-73C5DE6EAEF8}
		{CB86DB0B-31EE-3E74-9570-AEAAE629139D} = {CB86DB0B-31EE-3E74-9570-AEAAE629139D}
	EndProjectSection
EndProject
Project("{8BC9CEB8-8B4A-11D0-8D11-00A0C91BC942}") = "RUN_TESTS", "RUN_TESTS.vcxproj", "{F32E34D0-C1CF-3765-9C70-AD5039E48FD4}"
	ProjectSection(ProjectDependencies) = postProject
		{CAC71A2E-F3B2-36E3-8AC4-907F86269A6D} = {CAC71A2E-F3B2-36E3-8AC4-907F86269A6D}
	EndProjectSection
EndProject
Project("{8BC9CEB8-8B4A-11D0-8D11-00A0C91BC942}") = "ZERO_CHECK", "ZERO_CHECK.vcxproj", "{CAC71A2E-F3B2-36E3-8AC4-907F86269A6D}"
	ProjectSection(ProjectDependencies) = postProject
	EndProjectSection
EndProject
Project("{8BC9CEB8-8B4A-11D0-8D11-00A0C91BC942}") = "file_edit", "file_edit.vcxproj", "{A6811CB7-39DF-3A44-BF10-837D9AA3C686}"
	ProjectSection(ProjectDependencies) = postProject
		{CAC71A2E-F3B2-36E3-8AC4-907F86269A6D} = {CAC71A2E-F3B2-36E3-8AC4-907F86269A6D}
		{CB86DB0B-31EE-3E74-9570-AEAAE629139D} = {CB86DB0B-31EE-3E74-9570-AEAAE629139D}
	EndProjectSection
EndProject
Project("{8BC9CEB8-8B4A-11D0-8D11-00A0C91BC942}") = "file_reader", "file_reader.vcxproj", "{A017E472-4E1F-3352-8345-73C5DE6EAEF8}"
	ProjectSection(ProjectDependencies) = postProject
		{CAC71A2E-F3B2-36E3-8AC4-907F86269A6D} = {CAC71A2E-F3B2-36E3-8AC4-907F86269A6D}
		{CB86DB0B-31EE-3E74-9570-AEAAE629139D} = {CB86DB0B-31EE-3E74-9570-AEAAE629139D}
	EndProjectSection
EndProject
Project("{8BC9CEB8-8B4A-11D0-8D11-00A0C91BC942}") = "filesystems", "filesystems.vcxproj", "{CB86DB0B-31EE-3E74-9570-AEAAE629139D}"
	ProjectSection(ProjectDependencies) = postProject
		{CAC71A2E-F3B2-36E3-8AC4-907F86269A6D} = {CAC71A2E-F3B2-36E3-8AC4-907F86269A6D}
	EndProjectSection
EndProject
Global
	GlobalSection(SolutionConfigurationPlatforms) = preSolution
		Debug|x64 = Debug|x64
		Release|x64 = Release|x64
		MinSizeRel|x64 = MinSizeRel|x64
		RelWithDebInfo|x64 = RelWithDebInfo|x64
	EndGlobalSection
	GlobalSection(ProjectConfigurationPlatforms) = postSolution
		{B50A0E30-3B74-3D40-88B0-8229DEBF99CB}.Debug|x64.ActiveCfg = Debug|x64
		{B50A0E30-3B74-3D40-88B0-8229DEBF99CB}.Release|x64.ActiveCfg = Release|x64
		{B50A0E30-3B74-3D40-88B0-8229DEBF99CB}.MinSizeRel|x64.ActiveCfg = MinSizeRel|x64
		{B50A0E30-3B74-3D40-88B0-8229DEBF99CB}.RelWithDebInfo|x64.ActiveCfg = RelWithDebInfo|x64
		{F32E34D0-C1CF-3765-9C70-AD5039E48FD4}.Debug|x64.ActiveCfg = Debug|x64
		{F32E34D0-C1CF-3765-9C70-AD5039E48FD4}.Release|x64.ActiveCfg = Release|x64
		{F32E34D0-C1CF-3765-9C70-AD5039E48FD4}.MinSizeRel|x64.ActiveCfg = MinSizeRel|x64
		{F32E34D0-C1CF-3765-9C70-AD5039E48FD4}.RelWithDebInfo|x64.ActiveCfg = RelWithDebInfo|x64
		{CAC71A2E-F3B2-36E3-8AC4-907F86269A6D}.Debug|x64.ActiveCfg = Debug|x64
		{CAC71A2E-F3B2-36E3-8AC4-907F86269A6D}.Debug|x64.Build.0 = Debug|x64
		{CAC71A2E-F3B2-36E3-8AC4-907F86269A6D}.Release|x64.ActiveCfg = Release|x64
		{CAC71A2E-F3B2-36E3-8AC4-907F86269A6D}.Release|x64.Build.0 = Release|x64
		{CAC71A2E-F3B2-36E3-8AC4-907F86269A6D}.MinSizeRel|x64.ActiveCfg = MinSizeRel|x64
		{CAC71A2E-F3B2-36E3-8AC4-907F86269A6D}.MinSizeRel|x64.Build.0 = MinSizeRel|x64
		{CAC71A2E-F3B2-36E3-8AC4-907F86269A6D}.RelWithDebInfo|x64.ActiveCfg = RelWithDebInfo|x64
		{CAC71A2E-F3B2-36E3-8AC4-907F86269A6D}.RelWithDebInfo|x64.Build.0 = RelWithDebInfo|x64
		{A6811CB7-39DF-3A44-BF10-837D9AA3C686}.Debug|x64.ActiveCfg = Debug|x64
		{A6811CB7-39DF-3A44-BF10-837D9AA3C686}.Debug|x64.Build.0 = Debug|x64
		{A6811CB7-39DF-3A44-BF10-837D9AA3C686}.Release|x64.ActiveCfg = Release|x64
		{A6811CB7-39DF-3A44-BF10-837D9AA3C686}.Release|x64.Build.0 = Release|x64
		{A6811CB7-39DF-3A44-BF10-837D9AA3C686}.MinSizeRel|x64.ActiveCfg = MinSizeRel|x64
		{A6811CB7-39DF-3A44-BF10-837D9AA3C686}.MinSizeRel|x64.Build.0 = MinSizeRel|x64
		{A6811CB7-39DF-3A44-BF10-837D9AA3C686}.RelWithDebInfo|x64.ActiveCfg = RelWithDebInfo|x64
		{A6811CB7-39DF-3A44-BF10-837D9AA3C686}.RelWithDebInfo|x64.Build.0 = RelWithDebInfo|x64
		{A017E472-4E1F-3352-8345-73C5DE6EAEF8}.Debug|x64.ActiveCfg = Debug|x64
		{A017E472-4E1F-3352-8345-73C5DE6EAEF8}.Debug|x64.Build.0 = Debug|x64
		{A017E472-4E1F-3352-8345-73C5DE6EAEF8}.Release|x64.ActiveCfg = Release|x64
		{A017E472-4E1F-3352-8345-73C5DE6EAEF8}.Release|x64.Build.0 = Release|x64
		{A017E472-4E1F-3352-8345-73C5DE6EAEF8}.MinSizeRel|x64.ActiveCfg = MinSizeRel|x64
		{A017E472-4E1F-3352-8345-73C5DE6EAEF8}.MinSizeRel|x64.Build.0 = MinSizeRel|x64
		{A017E472-4E1F-3352-8345-73C5DE6EAEF8}.RelWithDebInfo|x64.ActiveCfg = RelWithDebInfo|x64
		{A017E472-4E1F-3352-8345-73C5DE6EAEF8}.RelWithDebInfo|x64.Build.0 = RelWithDebInfo|x64
		{CB86DB0B-31EE-3E74-9570-AEAAE629139D}.Debug|x64.ActiveCfg = Debug|x64
		{CB86DB0B-31EE-3E74-9570-AEAAE629139D}.Debug|x64.Build.0 = Debug|x64
		{CB86DB0B-31EE-3E74-9570-AEAAE629139D}.Release|x64.ActiveCfg = Release|x64
		{CB86DB0B-31EE-3E74-9570-AEAAE629139D}.Release|x64.Build.0 = Release|x64
		{CB86DB0B-31EE-3E74-9570-AEAAE629139D}.MinSizeRel|x64.ActiveCfg = MinSizeRel|x64
		{CB86DB0B-31EE-3E74-9570-AEAAE629139D}.MinSizeRel|x64.Build.0 = MinSizeRel|x64
		{CB86DB0B-31EE-3E74-9570-AEAAE629139D}.RelWithDebInfo|x64.ActiveCfg = RelWithDebInfo|x64
		{CB86DB0B-31EE-3E74-9570-AEAAE629139D}.RelWithDebInfo|x64.Build.0 = RelWithDebInfo|x64
	EndGlobalSection
	GlobalSection(ExtensibilityGlobals) = postSolution
		SolutionGuid = {67B11387-7C38-3E54-8FE7-1119AF0BE034}
	EndGlobalSection
	GlobalSection(ExtensibilityAddIns) = postSolution
	EndGlobalSection
EndGlobal
