
Microsoft Visual Studio Solution File, Format Version 12.00
# Visual Studio Version 16
Project("{8BC9CEB8-8B4A-11D0-8D11-00A0C91BC942}") = "ALL_BUILD", "ALL_BUILD.vcxproj", "{BDBA36F6-3EE7-3ECB-B81A-5DE8FA586DEE}"
	ProjectSection(ProjectDependencies) = postProject
		{8ABAEA8E-CB8E-3C1E-BCCA-E625F4817750} = {8ABAEA8E-CB8E-3C1E-BCCA-E625F4817750}
		{2F9C5DA5-D416-3BB8-8377-26884CDDE252} = {2F9C5DA5-D416-3BB8-8377-26884CDDE252}
		{9D3146E4-EC5E-3F3D-8698-5F158EC83610} = {9D3146E4-EC5E-3F3D-8698-5F158EC83610}
	EndProjectSection
EndProject
Project("{8BC9CEB8-8B4A-11D0-8D11-00A0C91BC942}") = "ZERO_CHECK", "ZERO_CHECK.vcxproj", "{8ABAEA8E-CB8E-3C1E-BCCA-E625F4817750}"
	ProjectSection(ProjectDependencies) = postProject
	EndProjectSection
EndProject
Project("{8BC9CEB8-8B4A-11D0-8D11-00A0C91BC942}") = "secrets", "secrets.vcxproj", "{2F9C5DA5-D416-3BB8-8377-26884CDDE252}"
	ProjectSection(ProjectDependencies) = postProject
		{8ABAEA8E-CB8E-3C1E-BCCA-E625F4817750} = {8ABAEA8E-CB8E-3C1E-BCCA-E625F4817750}
	EndProjectSection
EndProject
Project("{8BC9CEB8-8B4A-11D0-8D11-00A0C91BC942}") = "secrets_credential_test", "secrets_credential_test.vcxproj", "{9D3146E4-EC5E-3F3D-8698-5F158EC83610}"
	ProjectSection(ProjectDependencies) = postProject
		{8ABAEA8E-CB8E-3C1E-BCCA-E625F4817750} = {8ABAEA8E-CB8E-3C1E-BCCA-E625F4817750}
		{2F9C5DA5-D416-3BB8-8377-26884CDDE252} = {2F9C5DA5-D416-3BB8-8377-26884CDDE252}
	EndProjectSection
EndProject
Global
	GlobalSection(SolutionConfigurationPlatforms) = preSolution
		Debug|x64 = Debug|x64
		Release|x64 = Release|x64
		MinSizeRel|x64 = MinSizeRel|x64
		RelWithDebInfo|x64 = RelWithDebInfo|x64
	EndGlobalSection
	GlobalSection(ProjectConfigurationPlatforms) = postSolution
		{BDBA36F6-3EE7-3ECB-B81A-5DE8FA586DEE}.Debug|x64.ActiveCfg = Debug|x64
		{BDBA36F6-3EE7-3ECB-B81A-5DE8FA586DEE}.Release|x64.ActiveCfg = Release|x64
		{BDBA36F6-3EE7-3ECB-B81A-5DE8FA586DEE}.MinSizeRel|x64.ActiveCfg = MinSizeRel|x64
		{BDBA36F6-3EE7-3ECB-B81A-5DE8FA586DEE}.RelWithDebInfo|x64.ActiveCfg = RelWithDebInfo|x64
		{8ABAEA8E-CB8E-3C1E-BCCA-E625F4817750}.Debug|x64.ActiveCfg = Debug|x64
		{8ABAEA8E-CB8E-3C1E-BCCA-E625F4817750}.Debug|x64.Build.0 = Debug|x64
		{8ABAEA8E-CB8E-3C1E-BCCA-E625F4817750}.Release|x64.ActiveCfg = Release|x64
		{8ABAEA8E-CB8E-3C1E-BCCA-E625F4817750}.Release|x64.Build.0 = Release|x64
		{8ABAEA8E-CB8E-3C1E-BCCA-E625F4817750}.MinSizeRel|x64.ActiveCfg = MinSizeRel|x64
		{8ABAEA8E-CB8E-3C1E-BCCA-E625F4817750}.MinSizeRel|x64.Build.0 = MinSizeRel|x64
		{8ABAEA8E-CB8E-3C1E-BCCA-E625F4817750}.RelWithDebInfo|x64.ActiveCfg = RelWithDebInfo|x64
		{8ABAEA8E-CB8E-3C1E-BCCA-E625F4817750}.RelWithDebInfo|x64.Build.0 = RelWithDebInfo|x64
		{2F9C5DA5-D416-3BB8-8377-26884CDDE252}.Debug|x64.ActiveCfg = Debug|x64
		{2F9C5DA5-D416-3BB8-8377-26884CDDE252}.Debug|x64.Build.0 = Debug|x64
		{2F9C5DA5-D416-3BB8-8377-26884CDDE252}.Release|x64.ActiveCfg = Release|x64
		{2F9C5DA5-D416-3BB8-8377-26884CDDE252}.Release|x64.Build.0 = Release|x64
		{2F9C5DA5-D416-3BB8-8377-26884CDDE252}.MinSizeRel|x64.ActiveCfg = MinSizeRel|x64
		{2F9C5DA5-D416-3BB8-8377-26884CDDE252}.MinSizeRel|x64.Build.0 = MinSizeRel|x64
		{2F9C5DA5-D416-3BB8-8377-26884CDDE252}.RelWithDebInfo|x64.ActiveCfg = RelWithDebInfo|x64
		{2F9C5DA5-D416-3BB8-8377-26884CDDE252}.RelWithDebInfo|x64.Build.0 = RelWithDebInfo|x64
		{9D3146E4-EC5E-3F3D-8698-5F158EC83610}.Debug|x64.ActiveCfg = Debug|x64
		{9D3146E4-EC5E-3F3D-8698-5F158EC83610}.Debug|x64.Build.0 = Debug|x64
		{9D3146E4-EC5E-3F3D-8698-5F158EC83610}.Release|x64.ActiveCfg = Release|x64
		{9D3146E4-EC5E-3F3D-8698-5F158EC83610}.Release|x64.Build.0 = Release|x64
		{9D3146E4-EC5E-3F3D-8698-5F158EC83610}.MinSizeRel|x64.ActiveCfg = MinSizeRel|x64
		{9D3146E4-EC5E-3F3D-8698-5F158EC83610}.MinSizeRel|x64.Build.0 = MinSizeRel|x64
		{9D3146E4-EC5E-3F3D-8698-5F158EC83610}.RelWithDebInfo|x64.ActiveCfg = RelWithDebInfo|x64
		{9D3146E4-EC5E-3F3D-8698-5F158EC83610}.RelWithDebInfo|x64.Build.0 = RelWithDebInfo|x64
	EndGlobalSection
	GlobalSection(ExtensibilityGlobals) = postSolution
		SolutionGuid = {329EE175-7AF8-3D39-A9A2-22DAA81CF14E}
	EndGlobalSection
	GlobalSection(ExtensibilityAddIns) = postSolution
	EndGlobalSection
EndGlobal
