<?xml version="1.0" encoding="utf-8"?>
<Project ToolsVersion="16.0" xmlns="http://schemas.microsoft.com/developer/msbuild/2003">
  <ItemGroup>
    <ClCompile Include="D:\homegrowh_harness\package\secrets\src\credential\credential.cpp">
      <Filter>Source Files</Filter>
    </ClCompile>
    <ClCompile Include="D:\homegrowh_harness\package\secrets\src\memory\secure_string.cpp">
      <Filter>Source Files</Filter>
    </ClCompile>
    <ClCompile Include="D:\homegrowh_harness\package\secrets\src\platform\windows\credential\windows_credential.cpp">
      <Filter>Source Files</Filter>
    </ClCompile>
  </ItemGroup>
  <ItemGroup>
    <ClInclude Include="D:\homegrowh_harness\package\secrets\src\credential\credential.h">
      <Filter>Header Files</Filter>
    </ClInclude>
    <ClInclude Include="D:\homegrowh_harness\package\secrets\src\memory\secure_string.h">
      <Filter>Header Files</Filter>
    </ClInclude>
    <ClInclude Include="D:\homegrowh_harness\package\secrets\src\platform\windows\credential\windows_credential.h">
      <Filter>Header Files</Filter>
    </ClInclude>
  </ItemGroup>
  <ItemGroup>
    <CustomBuild Include="D:\homegrowh_harness\package\secrets\CMakeLists.txt" />
  </ItemGroup>
  <ItemGroup>
    <Filter Include="Header Files">
      <UniqueIdentifier>{E2DC5267-607D-3EBC-8BE0-3CBA727D1B7D}</UniqueIdentifier>
    </Filter>
    <Filter Include="Source Files">
      <UniqueIdentifier>{B8B4C6B8-91AE-3349-8713-EAE08579505E}</UniqueIdentifier>
    </Filter>
  </ItemGroup>
</Project>
